
Microsoft Visual Studio Solution File, Format Version 12.00
# Visual Studio Version 17
VisualStudioVersion = 17.3.32825.248
MinimumVisualStudioVersion = 10.0.40219.1
Project("{8BC9CEB8-8B4A-11D0-8D11-00A0C91BC942}") = "sortedList", "sortedList.vcxproj", "{16D4A9AA-DF48-4CDF-ACA8-BB57DD4C43D0}"
EndProject
Global
	GlobalSection(SolutionConfigurationPlatforms) = preSolution
		Debug|x64 = Debug|x64
		Debug|x86 = Debug|x86
		Release|x64 = Release|x64
		Release|x86 = Release|x86
	EndGlobalSection
	GlobalSection(ProjectConfigurationPlatforms) = postSolution
		{16D4A9AA-DF48-4CDF-ACA8-BB57DD4C43D0}.Debug|x64.ActiveCfg = Debug|x64
		{16D4A9AA-DF48-4CDF-ACA8-BB57DD4C43D0}.Debug|x64.Build.0 = Debug|x64
		{16D4A9AA-DF48-4CDF-ACA8-BB57DD4C43D0}.Debug|x86.ActiveCfg = Debug|Win32
		{16D4A9AA-DF48-4CDF-ACA8-BB57DD4C43D0}.Debug|x86.Build.0 = Debug|Win32
		{16D4A9AA-DF48-4CDF-ACA8-BB57DD4C43D0}.Release|x64.ActiveCfg = Release|x64
		{16D4A9AA-DF48-4CDF-ACA8-BB57DD4C43D0}.Release|x64.Build.0 = Release|x64
		{16D4A9AA-DF48-4CDF-ACA8-BB57DD4C43D0}.Release|x86.ActiveCfg = Release|Win32
		{16D4A9AA-DF48-4CDF-ACA8-BB57DD4C43D0}.Release|x86.Build.0 = Release|Win32
	EndGlobalSection
	GlobalSection(SolutionProperties) = preSolution
		HideSolutionNode = FALSE
	EndGlobalSection
	GlobalSection(ExtensibilityGlobals) = postSolution
		SolutionGuid = {50C37B3F-AB29-4CE5-A55C-A6900B3E26B6}
	EndGlobalSection
EndGlobal
