
Microsoft Visual Studio Solution File, Format Version 12.00
# Visual Studio Version 17
VisualStudioVersion = 17.3.32825.248
MinimumVisualStudioVersion = 10.0.40219.1
Project("{8BC9CEB8-8B4A-11D0-8D11-00A0C91BC942}") = "task2", "task2.vcxproj", "{019A78A1-2175-407F-9D17-34973060E9DE}"
EndProject
Global
	GlobalSection(SolutionConfigurationPlatforms) = preSolution
		Debug|x64 = Debug|x64
		Debug|x86 = Debug|x86
		Release|x64 = Release|x64
		Release|x86 = Release|x86
	EndGlobalSection
	GlobalSection(ProjectConfigurationPlatforms) = postSolution
		{019A78A1-2175-407F-9D17-34973060E9DE}.Debug|x64.ActiveCfg = Debug|x64
		{019A78A1-2175-407F-9D17-34973060E9DE}.Debug|x64.Build.0 = Debug|x64
		{019A78A1-2175-407F-9D17-34973060E9DE}.Debug|x86.ActiveCfg = Debug|Win32
		{019A78A1-2175-407F-9D17-34973060E9DE}.Debug|x86.Build.0 = Debug|Win32
		{019A78A1-2175-407F-9D17-34973060E9DE}.Release|x64.ActiveCfg = Release|x64
		{019A78A1-2175-407F-9D17-34973060E9DE}.Release|x64.Build.0 = Release|x64
		{019A78A1-2175-407F-9D17-34973060E9DE}.Release|x86.ActiveCfg = Release|Win32
		{019A78A1-2175-407F-9D17-34973060E9DE}.Release|x86.Build.0 = Release|Win32
	EndGlobalSection
	GlobalSection(SolutionProperties) = preSolution
		HideSolutionNode = FALSE
	EndGlobalSection
	GlobalSection(ExtensibilityGlobals) = postSolution
		SolutionGuid = {95CC0BC8-8CE1-4677-A920-5FB2202DCC63}
	EndGlobalSection
EndGlobal
